
Microsoft Visual Studio Solution File, Format Version 12.00
# Visual Studio Version 17
VisualStudioVersion = 17.9.34616.47
MinimumVisualStudioVersion = 10.0.40219.1
Project("{5AFFC68A-922E-41EC-91EB-F727C2C4D0CD}") = "Aviator-Hack", "Aviator-Hack.csproj", "{C08C5CDF-5E2B-40D5-9E97-875F6BDCDA66}"
EndProject
Global
	GlobalSection(SolutionConfigurationPlatforms) = preSolution
		Debug|Any CPU = Debug|Any CPU
		Release|Any CPU = Release|Any CPU
	EndGlobalSection
	GlobalSection(ProjectConfigurationPlatforms) = postSolution
		{C08C5CDF-5E2B-40D5-9E97-875F6BDCDA66}.Debug|Any CPU.ActiveCfg = Debug|Any CPU
		{C08C5CDF-5E2B-40D5-9E97-875F6BDCDA66}.Debug|Any CPU.Build.0 = Debug|Any CPU
		{C08C5CDF-5E2B-40D5-9E97-875F6BDCDA66}.Release|Any CPU.ActiveCfg = Release|Any CPU
		{C08C5CDF-5E2B-40D5-9E97-875F6BDCDA66}.Release|Any CPU.Build.0 = Release|Any CPU
	EndGlobalSection
	GlobalSection(SolutionProperties) = preSolution
		HideSolutionNode = FALSE
	EndGlobalSection
	GlobalSection(ExtensibilityGlobals) = postSolution
		SolutionGuid = {8A69A7B8-9CDE-4D24-87EE-03654667A7B2}
	EndGlobalSection
EndGlobal
